{
  "name": "easyshopping",
  "version": "1.0.0",
  "lockfileVersion": 1,
  "requires": true,
  "dependencies": {
    "json-query": {
      "version": "2.2.2",
      "resolved": "http://artifactory-rio-frontend.tools.msi.audi.com/artifactory/api/npm/npm-rio/json-query/-/json-query-2.2.2.tgz",
      "integrity": "sha1-tlWLijeUzNIXkmqjgCQyS3e0irE="
    },
    "string-similarity": {
      "version": "3.0.0",
      "resolved": "http://artifactory-rio-frontend.tools.msi.audi.com/artifactory/api/npm/npm-rio/string-similarity/-/string-similarity-3.0.0.tgz",
      "integrity": "sha1-B7C8afriAK2Izu9Jg4eNA3k4R8c="
    }
  }
}
